{
  "name": "sas-dataset-viewer",
  "version": "1.0.0",
  "lockfileVersion": 3,
  "requires": true,
  "packages": {
    "": {
      "name": "sas-dataset-viewer",
      "version": "1.0.0",
      "license": "MIT",
      "dependencies": {
        "child_process": "^1.0.2",
        "js-stream-sas7bdat": "^0.1.5"
      },
      "devDependencies": {
        "@types/node": "18.x",
        "@types/vscode": "^1.74.0",
        "typescript": "^5.0.0"
      },
      "engines": {
        "vscode": "^1.74.0"
      }
    },
    "node_modules/@types/node": {
      "version": "18.19.127",
      "resolved": "https://registry.npmjs.org/@types/node/-/node-18.19.127.tgz",
      "integrity": "sha512-gSjxjrnKXML/yo0BO099uPixMqfpJU0TKYjpfLU7TrtA2WWDki412Np/RSTPRil1saKBhvVVKzVx/p/6p94nVA==",
      "dev": true,
      "license": "MIT",
      "dependencies": {
        "undici-types": "~5.26.4"
      }
    },
    "node_modules/@types/vscode": {
      "version": "1.104.0",
      "resolved": "https://registry.npmjs.org/@types/vscode/-/vscode-1.104.0.tgz",
      "integrity": "sha512-0KwoU2rZ2ecsTGFxo4K1+f+AErRsYW0fsp6A0zufzGuhyczc2IoKqYqcwXidKXmy2u8YB2GsYsOtiI9Izx3Tig==",
      "dev": true,
      "license": "MIT"
    },
    "node_modules/child_process": {
      "version": "1.0.2",
      "resolved": "https://registry.npmjs.org/child_process/-/child_process-1.0.2.tgz",
      "integrity": "sha512-Wmza/JzL0SiWz7kl6MhIKT5ceIlnFPJX+lwUGj7Clhy5MMldsSoJR0+uvRzOS5Kv45Mq7t1PoE8TsOA9bzvb6g==",
      "license": "ISC"
    },
    "node_modules/js-array-filter": {
      "version": "0.1.4",
      "resolved": "https://registry.npmjs.org/js-array-filter/-/js-array-filter-0.1.4.tgz",
      "integrity": "sha512-4i7jy6QPS2Ex2+V78yIUIaCLagDZqojuKe1UBjliSp8F5KFlpUlP8ldASupEIKJJqUfVwBGBTuXgCWFpFA1bmQ==",
      "license": "MIT"
    },
    "node_modules/js-stream-sas7bdat": {
      "version": "0.1.5",
      "resolved": "https://registry.npmjs.org/js-stream-sas7bdat/-/js-stream-sas7bdat-0.1.5.tgz",
      "integrity": "sha512-+qvsWVTYsdK7T306Pv4T17ON8iK1yyQY5oBouDQLzEV/HrO/5Y6QlgGGTyFpelx6CDDOX0rRfdMriCEXlV1nww==",
      "hasInstallScript": true,
      "license": "MIT",
      "dependencies": {
        "js-array-filter": "^0.1.4",
        "node-addon-api": "^5.0.0",
        "node-gyp-build": "^4.8.4"
      }
    },
    "node_modules/node-addon-api": {
      "version": "5.1.0",
      "resolved": "https://registry.npmjs.org/node-addon-api/-/node-addon-api-5.1.0.tgz",
      "integrity": "sha512-eh0GgfEkpnoWDq+VY8OyvYhFEzBk6jIYbRKdIlyTiAXIVJ8PyBaKb0rp7oDtoddbdoHWhq8wwr+XZ81F1rpNdA==",
      "license": "MIT"
    },
    "node_modules/node-gyp-build": {
      "version": "4.8.4",
      "resolved": "https://registry.npmjs.org/node-gyp-build/-/node-gyp-build-4.8.4.tgz",
      "integrity": "sha512-LA4ZjwlnUblHVgq0oBF3Jl/6h/Nvs5fzBLwdEF4nuxnFdsfajde4WfxtJr3CaiH+F6ewcIB/q4jQ4UzPyid+CQ==",
      "license": "MIT",
      "bin": {
        "node-gyp-build": "bin.js",
        "node-gyp-build-optional": "optional.js",
        "node-gyp-build-test": "build-test.js"
      }
    },
    "node_modules/typescript": {
      "version": "5.9.2",
      "resolved": "https://registry.npmjs.org/typescript/-/typescript-5.9.2.tgz",
      "integrity": "sha512-CWBzXQrc/qOkhidw1OzBTQuYRbfyxDXJMVJ1XNwUHGROVmuaeiEm3OslpZ1RV96d7SKKjZKrSJu3+t/xlw3R9A==",
      "dev": true,
      "license": "Apache-2.0",
      "bin": {
        "tsc": "bin/tsc",
        "tsserver": "bin/tsserver"
      },
      "engines": {
        "node": ">=14.17"
      }
    },
    "node_modules/undici-types": {
      "version": "5.26.5",
      "resolved": "https://registry.npmjs.org/undici-types/-/undici-types-5.26.5.tgz",
      "integrity": "sha512-JlCMO+ehdEIKqlFxk6IfVoAUVmgz7cU7zD/h9XZ0qzeosSHmUJVOzSQvvYSYWXkFXC+IfLKSIffhv0sVZup6pA==",
      "dev": true,
      "license": "MIT"
    }
  }
}
